
Microsoft Visual Studio Solution File, Format Version 12.00
# Visual Studio Version 16
VisualStudioVersion = 16.0.31005.135
MinimumVisualStudioVersion = 10.0.40219.1
Project("{FAE04EC0-301F-11D3-BF4B-00C04F79EFBC}") = "Enumerating", "Enumerating.csproj", "{E61A5699-AF61-4AA0-AE39-C2315A46DC6D}"
EndProject
Global
	GlobalSection(SolutionConfigurationPlatforms) = preSolution
		Debug|Any CPU = Debug|Any CPU
		Release|Any CPU = Release|Any CPU
	EndGlobalSection
	GlobalSection(ProjectConfigurationPlatforms) = postSolution
		{E61A5699-AF61-4AA0-AE39-C2315A46DC6D}.Debug|Any CPU.ActiveCfg = Debug|Any CPU
		{E61A5699-AF61-4AA0-AE39-C2315A46DC6D}.Debug|Any CPU.Build.0 = Debug|Any CPU
		{E61A5699-AF61-4AA0-AE39-C2315A46DC6D}.Release|Any CPU.ActiveCfg = Release|Any CPU
		{E61A5699-AF61-4AA0-AE39-C2315A46DC6D}.Release|Any CPU.Build.0 = Release|Any CPU
	EndGlobalSection
	GlobalSection(SolutionProperties) = preSolution
		HideSolutionNode = FALSE
	EndGlobalSection
	GlobalSection(ExtensibilityGlobals) = postSolution
		SolutionGuid = {6760C130-D984-4950-828E-0BEAC6C0728E}
	EndGlobalSection
EndGlobal
